
Microsoft Visual Studio Solution File, Format Version 12.00
# Visual Studio Version 16
VisualStudioVersion = 16.0.33927.289
MinimumVisualStudioVersion = 10.0.40219.1
Project("{2150E333-8FDC-42A3-9474-1A3956D46DE8}") = "Task1", "Task1", "{95AA5C53-021F-4FD4-8558-A18FABA0C357}"
EndProject
Project("{8BC9CEB8-8B4A-11D0-8D11-00A0C91BC942}") = "Tyuiu.GofmanDV.Control_0.Task1.V2", "Tyuiu.GofmanDV.Control_0.Task1.V2\Tyuiu.GofmanDV.Control_0.Task1.V2.vcxproj", "{FC01A6B0-A81B-4ECD-913A-21F8B1F23B48}"
EndProject
Project("{8BC9CEB8-8B4A-11D0-8D11-00A0C91BC942}") = "Tyuiu.GofmanDV.Control_0.Task1.V2.Test", "Tyuiu.GofmanDV.Control_0.Task1.V2.Test\Tyuiu.GofmanDV.Control_0.Task1.V2.Test.vcxproj", "{230BCAF5-DE59-42A4-91B6-08D77A6146D2}"
EndProject
Project("{8BC9CEB8-8B4A-11D0-8D11-00A0C91BC942}") = "Tyuiu.GofmanDV.Control_0.Task1.V2.Lib", "Tyuiu.GofmanDV.Control_0.Task1.V2.Lib\Tyuiu.GofmanDV.Control_0.Task1.V2.Lib.vcxproj", "{A4114407-EF8F-4388-9803-72ABA8442319}"
EndProject
Project("{2150E333-8FDC-42A3-9474-1A3956D46DE8}") = "NewFolder1", "NewFolder1", "{7272023F-A854-4B62-B6BB-4BAE6A45AC5E}"
EndProject
Project("{8BC9CEB8-8B4A-11D0-8D11-00A0C91BC942}") = "Tyuiu.GofmanDV.Control_0.Task2.V2", "Tyuiu.GofmanDV.Control_0.Task2.V2\Tyuiu.GofmanDV.Control_0.Task2.V2.vcxproj", "{9ABC938A-4E0B-4005-8E15-11E8F1C4B807}"
EndProject
Project("{8BC9CEB8-8B4A-11D0-8D11-00A0C91BC942}") = "Tyuiu.GofmanDV.Control_0.Task2.V2.Lib", "Tyuiu.GofmanDV.Control_0.Task2.V2.Lib\Tyuiu.GofmanDV.Control_0.Task2.V2.Lib.vcxproj", "{C5B12C81-C52F-4F29-A742-B0C66E933441}"
EndProject
Project("{8BC9CEB8-8B4A-11D0-8D11-00A0C91BC942}") = "Tyuiu.GofmanDV.Control_0.Task2.V2.Test", "Tyuiu.GofmanDV.Control_0.Task2.V2.Test\Tyuiu.GofmanDV.Control_0.Task2.V2.Test.vcxproj", "{701EB42A-E0C9-4F4A-A811-C0A7D24DDD22}"
EndProject
Global
	GlobalSection(SolutionConfigurationPlatforms) = preSolution
		Debug|x64 = Debug|x64
		Debug|x86 = Debug|x86
		Release|x64 = Release|x64
		Release|x86 = Release|x86
	EndGlobalSection
	GlobalSection(ProjectConfigurationPlatforms) = postSolution
		{FC01A6B0-A81B-4ECD-913A-21F8B1F23B48}.Debug|x64.ActiveCfg = Debug|x64
		{FC01A6B0-A81B-4ECD-913A-21F8B1F23B48}.Debug|x64.Build.0 = Debug|x64
		{FC01A6B0-A81B-4ECD-913A-21F8B1F23B48}.Debug|x86.ActiveCfg = Debug|Win32
		{FC01A6B0-A81B-4ECD-913A-21F8B1F23B48}.Debug|x86.Build.0 = Debug|Win32
		{FC01A6B0-A81B-4ECD-913A-21F8B1F23B48}.Release|x64.ActiveCfg = Release|x64
		{FC01A6B0-A81B-4ECD-913A-21F8B1F23B48}.Release|x64.Build.0 = Release|x64
		{FC01A6B0-A81B-4ECD-913A-21F8B1F23B48}.Release|x86.ActiveCfg = Release|Win32
		{FC01A6B0-A81B-4ECD-913A-21F8B1F23B48}.Release|x86.Build.0 = Release|Win32
		{230BCAF5-DE59-42A4-91B6-08D77A6146D2}.Debug|x64.ActiveCfg = Debug|x64
		{230BCAF5-DE59-42A4-91B6-08D77A6146D2}.Debug|x64.Build.0 = Debug|x64
		{230BCAF5-DE59-42A4-91B6-08D77A6146D2}.Debug|x86.ActiveCfg = Debug|Win32
		{230BCAF5-DE59-42A4-91B6-08D77A6146D2}.Debug|x86.Build.0 = Debug|Win32
		{230BCAF5-DE59-42A4-91B6-08D77A6146D2}.Release|x64.ActiveCfg = Release|x64
		{230BCAF5-DE59-42A4-91B6-08D77A6146D2}.Release|x64.Build.0 = Release|x64
		{230BCAF5-DE59-42A4-91B6-08D77A6146D2}.Release|x86.ActiveCfg = Release|Win32
		{230BCAF5-DE59-42A4-91B6-08D77A6146D2}.Release|x86.Build.0 = Release|Win32
		{A4114407-EF8F-4388-9803-72ABA8442319}.Debug|x64.ActiveCfg = Debug|x64
		{A4114407-EF8F-4388-9803-72ABA8442319}.Debug|x64.Build.0 = Debug|x64
		{A4114407-EF8F-4388-9803-72ABA8442319}.Debug|x86.ActiveCfg = Debug|Win32
		{A4114407-EF8F-4388-9803-72ABA8442319}.Debug|x86.Build.0 = Debug|Win32
		{A4114407-EF8F-4388-9803-72ABA8442319}.Release|x64.ActiveCfg = Release|x64
		{A4114407-EF8F-4388-9803-72ABA8442319}.Release|x64.Build.0 = Release|x64
		{A4114407-EF8F-4388-9803-72ABA8442319}.Release|x86.ActiveCfg = Release|Win32
		{A4114407-EF8F-4388-9803-72ABA8442319}.Release|x86.Build.0 = Release|Win32
		{9ABC938A-4E0B-4005-8E15-11E8F1C4B807}.Debug|x64.ActiveCfg = Debug|x64
		{9ABC938A-4E0B-4005-8E15-11E8F1C4B807}.Debug|x64.Build.0 = Debug|x64
		{9ABC938A-4E0B-4005-8E15-11E8F1C4B807}.Debug|x86.ActiveCfg = Debug|Win32
		{9ABC938A-4E0B-4005-8E15-11E8F1C4B807}.Debug|x86.Build.0 = Debug|Win32
		{9ABC938A-4E0B-4005-8E15-11E8F1C4B807}.Release|x64.ActiveCfg = Release|x64
		{9ABC938A-4E0B-4005-8E15-11E8F1C4B807}.Release|x64.Build.0 = Release|x64
		{9ABC938A-4E0B-4005-8E15-11E8F1C4B807}.Release|x86.ActiveCfg = Release|Win32
		{9ABC938A-4E0B-4005-8E15-11E8F1C4B807}.Release|x86.Build.0 = Release|Win32
		{C5B12C81-C52F-4F29-A742-B0C66E933441}.Debug|x64.ActiveCfg = Debug|x64
		{C5B12C81-C52F-4F29-A742-B0C66E933441}.Debug|x64.Build.0 = Debug|x64
		{C5B12C81-C52F-4F29-A742-B0C66E933441}.Debug|x86.ActiveCfg = Debug|Win32
		{C5B12C81-C52F-4F29-A742-B0C66E933441}.Debug|x86.Build.0 = Debug|Win32
		{C5B12C81-C52F-4F29-A742-B0C66E933441}.Release|x64.ActiveCfg = Release|x64
		{C5B12C81-C52F-4F29-A742-B0C66E933441}.Release|x64.Build.0 = Release|x64
		{C5B12C81-C52F-4F29-A742-B0C66E933441}.Release|x86.ActiveCfg = Release|Win32
		{C5B12C81-C52F-4F29-A742-B0C66E933441}.Release|x86.Build.0 = Release|Win32
		{701EB42A-E0C9-4F4A-A811-C0A7D24DDD22}.Debug|x64.ActiveCfg = Debug|x64
		{701EB42A-E0C9-4F4A-A811-C0A7D24DDD22}.Debug|x64.Build.0 = Debug|x64
		{701EB42A-E0C9-4F4A-A811-C0A7D24DDD22}.Debug|x86.ActiveCfg = Debug|Win32
		{701EB42A-E0C9-4F4A-A811-C0A7D24DDD22}.Debug|x86.Build.0 = Debug|Win32
		{701EB42A-E0C9-4F4A-A811-C0A7D24DDD22}.Release|x64.ActiveCfg = Release|x64
		{701EB42A-E0C9-4F4A-A811-C0A7D24DDD22}.Release|x64.Build.0 = Release|x64
		{701EB42A-E0C9-4F4A-A811-C0A7D24DDD22}.Release|x86.ActiveCfg = Release|Win32
		{701EB42A-E0C9-4F4A-A811-C0A7D24DDD22}.Release|x86.Build.0 = Release|Win32
	EndGlobalSection
	GlobalSection(SolutionProperties) = preSolution
		HideSolutionNode = FALSE
	EndGlobalSection
	GlobalSection(NestedProjects) = preSolution
		{FC01A6B0-A81B-4ECD-913A-21F8B1F23B48} = {95AA5C53-021F-4FD4-8558-A18FABA0C357}
		{230BCAF5-DE59-42A4-91B6-08D77A6146D2} = {95AA5C53-021F-4FD4-8558-A18FABA0C357}
		{A4114407-EF8F-4388-9803-72ABA8442319} = {95AA5C53-021F-4FD4-8558-A18FABA0C357}
		{9ABC938A-4E0B-4005-8E15-11E8F1C4B807} = {7272023F-A854-4B62-B6BB-4BAE6A45AC5E}
		{C5B12C81-C52F-4F29-A742-B0C66E933441} = {7272023F-A854-4B62-B6BB-4BAE6A45AC5E}
		{701EB42A-E0C9-4F4A-A811-C0A7D24DDD22} = {7272023F-A854-4B62-B6BB-4BAE6A45AC5E}
	EndGlobalSection
	GlobalSection(ExtensibilityGlobals) = postSolution
		SolutionGuid = {52E94FEA-D1DA-43A9-A5D5-5D9129B1DA86}
	EndGlobalSection
EndGlobal
